
Microsoft Visual Studio Solution File, Format Version 12.00
# Visual Studio Version 17
VisualStudioVersion = 17.13.35919.96
MinimumVisualStudioVersion = 10.0.40219.1
Project("{FAE04EC0-301F-11D3-BF4B-00C04F79EFBC}") = "TokenizingTextBox", "TokenizingTextBox\TokenizingTextBox.csproj", "{EEB319A4-4639-4761-B3A7-7B00DF277122}"
EndProject
Project("{FAE04EC0-301F-11D3-BF4B-00C04F79EFBC}") = "Sample", "Sample\Sample.csproj", "{89CA6C3A-8F12-45E4-B92B-1E564007EDCE}"
EndProject
Global
	GlobalSection(SolutionConfigurationPlatforms) = preSolution
		Debug|Any CPU = Debug|Any CPU
		Release|Any CPU = Release|Any CPU
	EndGlobalSection
	GlobalSection(ProjectConfigurationPlatforms) = postSolution
		{EEB319A4-4639-4761-B3A7-7B00DF277122}.Debug|Any CPU.ActiveCfg = Debug|Any CPU
		{EEB319A4-4639-4761-B3A7-7B00DF277122}.Release|Any CPU.ActiveCfg = Release|Any CPU
		{EEB319A4-4639-4761-B3A7-7B00DF277122}.Release|Any CPU.Build.0 = Release|Any CPU
		{89CA6C3A-8F12-45E4-B92B-1E564007EDCE}.Debug|Any CPU.ActiveCfg = Debug|Any CPU
		{89CA6C3A-8F12-45E4-B92B-1E564007EDCE}.Debug|Any CPU.Build.0 = Debug|Any CPU
		{89CA6C3A-8F12-45E4-B92B-1E564007EDCE}.Release|Any CPU.ActiveCfg = Release|Any CPU
		{89CA6C3A-8F12-45E4-B92B-1E564007EDCE}.Release|Any CPU.Build.0 = Release|Any CPU
	EndGlobalSection
	GlobalSection(SolutionProperties) = preSolution
		HideSolutionNode = FALSE
	EndGlobalSection
	GlobalSection(ExtensibilityGlobals) = postSolution
		SolutionGuid = {DE1B24BF-44F0-46D6-95FE-04814BA3F778}
	EndGlobalSection
EndGlobal
